
Microsoft Visual Studio Solution File, Format Version 12.00
# Visual Studio Version 17
VisualStudioVersion = 17.14.36908.2 d17.14
MinimumVisualStudioVersion = 10.0.40219.1
Project("{FAE04EC0-301F-11D3-BF4B-00C04F79EFBC}") = "besm6", "besm6.csproj", "{EF03E361-9849-2E7F-85FD-82EB90D0A96A}"
EndProject
Project("{FAE04EC0-301F-11D3-BF4B-00C04F79EFBC}") = "Besm6.Tests", "tests\Besm6.Tests\Besm6.Tests.csproj", "{32CB4067-2434-F4AE-0CAA-A1B2DFE0019C}"
EndProject
Global
	GlobalSection(SolutionConfigurationPlatforms) = preSolution
		Debug|Any CPU = Debug|Any CPU
		Release|Any CPU = Release|Any CPU
	EndGlobalSection
	GlobalSection(ProjectConfigurationPlatforms) = postSolution
		{EF03E361-9849-2E7F-85FD-82EB90D0A96A}.Debug|Any CPU.ActiveCfg = Debug|Any CPU
		{EF03E361-9849-2E7F-85FD-82EB90D0A96A}.Debug|Any CPU.Build.0 = Debug|Any CPU
		{EF03E361-9849-2E7F-85FD-82EB90D0A96A}.Release|Any CPU.ActiveCfg = Release|Any CPU
		{EF03E361-9849-2E7F-85FD-82EB90D0A96A}.Release|Any CPU.Build.0 = Release|Any CPU
		{32CB4067-2434-F4AE-0CAA-A1B2DFE0019C}.Debug|Any CPU.ActiveCfg = Debug|Any CPU
		{32CB4067-2434-F4AE-0CAA-A1B2DFE0019C}.Debug|Any CPU.Build.0 = Debug|Any CPU
		{32CB4067-2434-F4AE-0CAA-A1B2DFE0019C}.Release|Any CPU.ActiveCfg = Release|Any CPU
		{32CB4067-2434-F4AE-0CAA-A1B2DFE0019C}.Release|Any CPU.Build.0 = Release|Any CPU
	EndGlobalSection
	GlobalSection(SolutionProperties) = preSolution
		HideSolutionNode = FALSE
	EndGlobalSection
	GlobalSection(ExtensibilityGlobals) = postSolution
		SolutionGuid = {54317899-11F3-4C4E-B87E-0B5C3CE586A4}
	EndGlobalSection
EndGlobal
